
Microsoft Visual Studio Solution File, Format Version 12.00
# Visual Studio 14
VisualStudioVersion = 14.0.24720.0
MinimumVisualStudioVersion = 10.0.40219.1
Project("{2150E333-8FDC-42A3-9474-1A3956D46DE8}") = "src", "src", "{2FF49FA1-E459-43C4-A86D-8EB40DF7FCC2}"
EndProject
Project("{2150E333-8FDC-42A3-9474-1A3956D46DE8}") = "Solution Items", "Solution Items", "{C7B0D88A-A5DC-426D-967E-18947173F651}"
	ProjectSection(SolutionItems) = preProject
		global.json = global.json
	EndProjectSection
EndProject
Project("{8BB2217D-0F2D-49D1-97BC-3654ED321F3B}") = "Stage.Manager", "src\Stage.Manager\Stage.Manager.xproj", "{B1B7DEE5-81A2-4FC2-883B-18056956D48A}"
EndProject
Project("{8BB2217D-0F2D-49D1-97BC-3654ED321F3B}") = "Stage.Database", "src\Stage.Database\Stage.Database.xproj", "{004B15A1-A550-4CEE-9925-A970115DE68C}"
EndProject
Project("{2150E333-8FDC-42A3-9474-1A3956D46DE8}") = "test", "test", "{01B6E97F-7B86-4364-AFD3-81881C199117}"
EndProject
Project("{8BB2217D-0F2D-49D1-97BC-3654ED321F3B}") = "Stage.Manager.UnitTests", "Stage.Manager.UnitTests\Stage.Manager.UnitTests.xproj", "{650A5A85-5956-491E-9312-5E25A27D1108}"
EndProject
Global
	GlobalSection(SolutionConfigurationPlatforms) = preSolution
		Debug|Any CPU = Debug|Any CPU
		Release|Any CPU = Release|Any CPU
	EndGlobalSection
	GlobalSection(ProjectConfigurationPlatforms) = postSolution
		{B1B7DEE5-81A2-4FC2-883B-18056956D48A}.Debug|Any CPU.ActiveCfg = Debug|Any CPU
		{B1B7DEE5-81A2-4FC2-883B-18056956D48A}.Debug|Any CPU.Build.0 = Debug|Any CPU
		{B1B7DEE5-81A2-4FC2-883B-18056956D48A}.Release|Any CPU.ActiveCfg = Release|Any CPU
		{B1B7DEE5-81A2-4FC2-883B-18056956D48A}.Release|Any CPU.Build.0 = Release|Any CPU
		{004B15A1-A550-4CEE-9925-A970115DE68C}.Debug|Any CPU.ActiveCfg = Debug|Any CPU
		{004B15A1-A550-4CEE-9925-A970115DE68C}.Debug|Any CPU.Build.0 = Debug|Any CPU
		{004B15A1-A550-4CEE-9925-A970115DE68C}.Release|Any CPU.ActiveCfg = Release|Any CPU
		{004B15A1-A550-4CEE-9925-A970115DE68C}.Release|Any CPU.Build.0 = Release|Any CPU
		{650A5A85-5956-491E-9312-5E25A27D1108}.Debug|Any CPU.ActiveCfg = Debug|Any CPU
		{650A5A85-5956-491E-9312-5E25A27D1108}.Debug|Any CPU.Build.0 = Debug|Any CPU
		{650A5A85-5956-491E-9312-5E25A27D1108}.Release|Any CPU.ActiveCfg = Release|Any CPU
		{650A5A85-5956-491E-9312-5E25A27D1108}.Release|Any CPU.Build.0 = Release|Any CPU
	EndGlobalSection
	GlobalSection(SolutionProperties) = preSolution
		HideSolutionNode = FALSE
	EndGlobalSection
	GlobalSection(NestedProjects) = preSolution
		{B1B7DEE5-81A2-4FC2-883B-18056956D48A} = {2FF49FA1-E459-43C4-A86D-8EB40DF7FCC2}
		{004B15A1-A550-4CEE-9925-A970115DE68C} = {2FF49FA1-E459-43C4-A86D-8EB40DF7FCC2}
		{650A5A85-5956-491E-9312-5E25A27D1108} = {01B6E97F-7B86-4364-AFD3-81881C199117}
	EndGlobalSection
EndGlobal
