
Microsoft Visual Studio Solution File, Format Version 12.00
# Visual Studio 14
VisualStudioVersion = 14.0.25420.1
MinimumVisualStudioVersion = 10.0.40219.1
Project("{2150E333-8FDC-42A3-9474-1A3956D46DE8}") = "src", "src", "{2FF49FA1-E459-43C4-A86D-8EB40DF7FCC2}"
EndProject
Project("{2150E333-8FDC-42A3-9474-1A3956D46DE8}") = "Solution Items", "Solution Items", "{C7B0D88A-A5DC-426D-967E-18947173F651}"
	ProjectSection(SolutionItems) = preProject
		global.json = global.json
	EndProjectSection
EndProject
Project("{2150E333-8FDC-42A3-9474-1A3956D46DE8}") = "test", "test", "{01B6E97F-7B86-4364-AFD3-81881C199117}"
EndProject
Project("{8BB2217D-0F2D-49D1-97BC-3654ED321F3B}") = "NuGet.Services.Staging.Authentication", "src\NuGet.Services.Staging.Authentication\NuGet.Services.Staging.Authentication.xproj", "{C0FFAFF2-CB3A-404B-8BB3-D1F01BF099D3}"
EndProject
Project("{8BB2217D-0F2D-49D1-97BC-3654ED321F3B}") = "NuGet.Services.Staging.Database", "src\NuGet.Services.Staging.Database\NuGet.Services.Staging.Database.xproj", "{7D2708C0-C770-48E8-BCBA-1466FC03C1CF}"
EndProject
Project("{8BB2217D-0F2D-49D1-97BC-3654ED321F3B}") = "NuGet.Services.Staging.PackageService", "src\NuGet.Services.Staging.PackageService\NuGet.Services.Staging.PackageService.xproj", "{390B90BB-55ED-49F9-B166-A150BFE3E8C4}"
EndProject
Project("{8BB2217D-0F2D-49D1-97BC-3654ED321F3B}") = "NuGet.Services.V3Repository", "src\NuGet.Services.V3Repository\NuGet.Services.V3Repository.xproj", "{8755524E-1381-4B8D-8A46-77B4898C8BAC}"
EndProject
Project("{8BB2217D-0F2D-49D1-97BC-3654ED321F3B}") = "NuGet.Services.Staging.BackgroundWorkers", "src\NuGet.Services.Staging.BackgroundWorkers\NuGet.Services.Staging.BackgroundWorkers.xproj", "{11C8CB38-1301-4EA2-8111-7E73A3FBF30C}"
EndProject
Project("{8BB2217D-0F2D-49D1-97BC-3654ED321F3B}") = "NuGet.Services.Staging.Runner", "src\NuGet.Services.Staging.Runner\NuGet.Services.Staging.Runner.xproj", "{D3F5D4DE-BAA3-4F0E-8AA1-F4D7C6D83A97}"
EndProject
Project("{8BB2217D-0F2D-49D1-97BC-3654ED321F3B}") = "NuGet.Services.Staging.Manager", "src\NuGet.Services.Staging.Manager\NuGet.Services.Staging.Manager.xproj", "{C541829E-267C-4006-AE3F-298986696A0D}"
EndProject
Project("{8BB2217D-0F2D-49D1-97BC-3654ED321F3B}") = "NuGet.Services.Staging.Test.UnitTest", "test\NuGet.Services.Staging.Test.UnitTest\NuGet.Services.Staging.Test.UnitTest.xproj", "{12A7A535-A67C-4E53-BCC1-56853B9E74E7}"
EndProject
Project("{8BB2217D-0F2D-49D1-97BC-3654ED321F3B}") = "NuGet.Services.Logging", "src\NuGet.Services.Logging\NuGet.Services.Logging.xproj", "{3A70A370-5ABE-4A53-B5B9-297DB288964E}"
EndProject
Project("{8BB2217D-0F2D-49D1-97BC-3654ED321F3B}") = "NuGet.Services.Staging.Test.EndToEnd", "test\NuGet.Services.Staging.Test.EndToEnd\NuGet.Services.Staging.Test.EndToEnd.xproj", "{E6859EB8-303B-47C9-AF2B-E62398EDD37B}"
EndProject
Project("{8BB2217D-0F2D-49D1-97BC-3654ED321F3B}") = "NuGet.Services.Test.Common", "test\NuGet.Services.Test.Common\NuGet.Services.Test.Common.xproj", "{5E7AF5B0-FE47-4CEF-96BD-9A4F401F1D1A}"
EndProject
Project("{8BB2217D-0F2D-49D1-97BC-3654ED321F3B}") = "NuGet.Services.Staging.Search", "src\NuGet.Services.Staging.Search\NuGet.Services.Staging.Search.xproj", "{80C55932-60A4-4A2E-B5DC-E6D7B853929D}"
EndProject
Project("{8BB2217D-0F2D-49D1-97BC-3654ED321F3B}") = "NuGet.Client.Staging", "src\NuGet.Client.Staging\NuGet.Client.Staging.xproj", "{49FD2E6D-594F-4998-AEAF-45BC26DB41BB}"
EndProject
Project("{8BB2217D-0F2D-49D1-97BC-3654ED321F3B}") = "NuGet.Services.Configuration", "src\NuGet.Services.Configuration\NuGet.Services.Configuration.xproj", "{E2D65F09-81A6-4D69-B128-C47C2DC43D36}"
EndProject
Global
	GlobalSection(SolutionConfigurationPlatforms) = preSolution
		Debug|Any CPU = Debug|Any CPU
		Release|Any CPU = Release|Any CPU
	EndGlobalSection
	GlobalSection(ProjectConfigurationPlatforms) = postSolution
		{C0FFAFF2-CB3A-404B-8BB3-D1F01BF099D3}.Debug|Any CPU.ActiveCfg = Debug|Any CPU
		{C0FFAFF2-CB3A-404B-8BB3-D1F01BF099D3}.Debug|Any CPU.Build.0 = Debug|Any CPU
		{C0FFAFF2-CB3A-404B-8BB3-D1F01BF099D3}.Release|Any CPU.ActiveCfg = Release|Any CPU
		{C0FFAFF2-CB3A-404B-8BB3-D1F01BF099D3}.Release|Any CPU.Build.0 = Release|Any CPU
		{7D2708C0-C770-48E8-BCBA-1466FC03C1CF}.Debug|Any CPU.ActiveCfg = Debug|Any CPU
		{7D2708C0-C770-48E8-BCBA-1466FC03C1CF}.Debug|Any CPU.Build.0 = Debug|Any CPU
		{7D2708C0-C770-48E8-BCBA-1466FC03C1CF}.Release|Any CPU.ActiveCfg = Release|Any CPU
		{7D2708C0-C770-48E8-BCBA-1466FC03C1CF}.Release|Any CPU.Build.0 = Release|Any CPU
		{390B90BB-55ED-49F9-B166-A150BFE3E8C4}.Debug|Any CPU.ActiveCfg = Debug|Any CPU
		{390B90BB-55ED-49F9-B166-A150BFE3E8C4}.Debug|Any CPU.Build.0 = Debug|Any CPU
		{390B90BB-55ED-49F9-B166-A150BFE3E8C4}.Release|Any CPU.ActiveCfg = Release|Any CPU
		{390B90BB-55ED-49F9-B166-A150BFE3E8C4}.Release|Any CPU.Build.0 = Release|Any CPU
		{8755524E-1381-4B8D-8A46-77B4898C8BAC}.Debug|Any CPU.ActiveCfg = Debug|Any CPU
		{8755524E-1381-4B8D-8A46-77B4898C8BAC}.Debug|Any CPU.Build.0 = Debug|Any CPU
		{8755524E-1381-4B8D-8A46-77B4898C8BAC}.Release|Any CPU.ActiveCfg = Release|Any CPU
		{8755524E-1381-4B8D-8A46-77B4898C8BAC}.Release|Any CPU.Build.0 = Release|Any CPU
		{11C8CB38-1301-4EA2-8111-7E73A3FBF30C}.Debug|Any CPU.ActiveCfg = Debug|Any CPU
		{11C8CB38-1301-4EA2-8111-7E73A3FBF30C}.Debug|Any CPU.Build.0 = Debug|Any CPU
		{11C8CB38-1301-4EA2-8111-7E73A3FBF30C}.Release|Any CPU.ActiveCfg = Release|Any CPU
		{11C8CB38-1301-4EA2-8111-7E73A3FBF30C}.Release|Any CPU.Build.0 = Release|Any CPU
		{D3F5D4DE-BAA3-4F0E-8AA1-F4D7C6D83A97}.Debug|Any CPU.ActiveCfg = Debug|Any CPU
		{D3F5D4DE-BAA3-4F0E-8AA1-F4D7C6D83A97}.Debug|Any CPU.Build.0 = Debug|Any CPU
		{D3F5D4DE-BAA3-4F0E-8AA1-F4D7C6D83A97}.Release|Any CPU.ActiveCfg = Release|Any CPU
		{D3F5D4DE-BAA3-4F0E-8AA1-F4D7C6D83A97}.Release|Any CPU.Build.0 = Release|Any CPU
		{C541829E-267C-4006-AE3F-298986696A0D}.Debug|Any CPU.ActiveCfg = Debug|Any CPU
		{C541829E-267C-4006-AE3F-298986696A0D}.Debug|Any CPU.Build.0 = Debug|Any CPU
		{C541829E-267C-4006-AE3F-298986696A0D}.Release|Any CPU.ActiveCfg = Release|Any CPU
		{C541829E-267C-4006-AE3F-298986696A0D}.Release|Any CPU.Build.0 = Release|Any CPU
		{12A7A535-A67C-4E53-BCC1-56853B9E74E7}.Debug|Any CPU.ActiveCfg = Debug|Any CPU
		{12A7A535-A67C-4E53-BCC1-56853B9E74E7}.Debug|Any CPU.Build.0 = Debug|Any CPU
		{12A7A535-A67C-4E53-BCC1-56853B9E74E7}.Release|Any CPU.ActiveCfg = Release|Any CPU
		{12A7A535-A67C-4E53-BCC1-56853B9E74E7}.Release|Any CPU.Build.0 = Release|Any CPU
		{3A70A370-5ABE-4A53-B5B9-297DB288964E}.Debug|Any CPU.ActiveCfg = Debug|Any CPU
		{3A70A370-5ABE-4A53-B5B9-297DB288964E}.Debug|Any CPU.Build.0 = Debug|Any CPU
		{3A70A370-5ABE-4A53-B5B9-297DB288964E}.Release|Any CPU.ActiveCfg = Release|Any CPU
		{3A70A370-5ABE-4A53-B5B9-297DB288964E}.Release|Any CPU.Build.0 = Release|Any CPU
		{E6859EB8-303B-47C9-AF2B-E62398EDD37B}.Debug|Any CPU.ActiveCfg = Debug|Any CPU
		{E6859EB8-303B-47C9-AF2B-E62398EDD37B}.Debug|Any CPU.Build.0 = Debug|Any CPU
		{E6859EB8-303B-47C9-AF2B-E62398EDD37B}.Release|Any CPU.ActiveCfg = Release|Any CPU
		{E6859EB8-303B-47C9-AF2B-E62398EDD37B}.Release|Any CPU.Build.0 = Release|Any CPU
		{5E7AF5B0-FE47-4CEF-96BD-9A4F401F1D1A}.Debug|Any CPU.ActiveCfg = Debug|Any CPU
		{5E7AF5B0-FE47-4CEF-96BD-9A4F401F1D1A}.Debug|Any CPU.Build.0 = Debug|Any CPU
		{5E7AF5B0-FE47-4CEF-96BD-9A4F401F1D1A}.Release|Any CPU.ActiveCfg = Release|Any CPU
		{5E7AF5B0-FE47-4CEF-96BD-9A4F401F1D1A}.Release|Any CPU.Build.0 = Release|Any CPU
		{80C55932-60A4-4A2E-B5DC-E6D7B853929D}.Debug|Any CPU.ActiveCfg = Debug|Any CPU
		{80C55932-60A4-4A2E-B5DC-E6D7B853929D}.Debug|Any CPU.Build.0 = Debug|Any CPU
		{80C55932-60A4-4A2E-B5DC-E6D7B853929D}.Release|Any CPU.ActiveCfg = Release|Any CPU
		{80C55932-60A4-4A2E-B5DC-E6D7B853929D}.Release|Any CPU.Build.0 = Release|Any CPU
		{49FD2E6D-594F-4998-AEAF-45BC26DB41BB}.Debug|Any CPU.ActiveCfg = Debug|Any CPU
		{49FD2E6D-594F-4998-AEAF-45BC26DB41BB}.Debug|Any CPU.Build.0 = Debug|Any CPU
		{49FD2E6D-594F-4998-AEAF-45BC26DB41BB}.Release|Any CPU.ActiveCfg = Release|Any CPU
		{49FD2E6D-594F-4998-AEAF-45BC26DB41BB}.Release|Any CPU.Build.0 = Release|Any CPU
		{E2D65F09-81A6-4D69-B128-C47C2DC43D36}.Debug|Any CPU.ActiveCfg = Debug|Any CPU
		{E2D65F09-81A6-4D69-B128-C47C2DC43D36}.Debug|Any CPU.Build.0 = Debug|Any CPU
		{E2D65F09-81A6-4D69-B128-C47C2DC43D36}.Release|Any CPU.ActiveCfg = Release|Any CPU
		{E2D65F09-81A6-4D69-B128-C47C2DC43D36}.Release|Any CPU.Build.0 = Release|Any CPU
	EndGlobalSection
	GlobalSection(SolutionProperties) = preSolution
		HideSolutionNode = FALSE
	EndGlobalSection
	GlobalSection(NestedProjects) = preSolution
		{C0FFAFF2-CB3A-404B-8BB3-D1F01BF099D3} = {2FF49FA1-E459-43C4-A86D-8EB40DF7FCC2}
		{7D2708C0-C770-48E8-BCBA-1466FC03C1CF} = {2FF49FA1-E459-43C4-A86D-8EB40DF7FCC2}
		{390B90BB-55ED-49F9-B166-A150BFE3E8C4} = {2FF49FA1-E459-43C4-A86D-8EB40DF7FCC2}
		{8755524E-1381-4B8D-8A46-77B4898C8BAC} = {2FF49FA1-E459-43C4-A86D-8EB40DF7FCC2}
		{11C8CB38-1301-4EA2-8111-7E73A3FBF30C} = {2FF49FA1-E459-43C4-A86D-8EB40DF7FCC2}
		{D3F5D4DE-BAA3-4F0E-8AA1-F4D7C6D83A97} = {2FF49FA1-E459-43C4-A86D-8EB40DF7FCC2}
		{C541829E-267C-4006-AE3F-298986696A0D} = {2FF49FA1-E459-43C4-A86D-8EB40DF7FCC2}
		{12A7A535-A67C-4E53-BCC1-56853B9E74E7} = {01B6E97F-7B86-4364-AFD3-81881C199117}
		{3A70A370-5ABE-4A53-B5B9-297DB288964E} = {2FF49FA1-E459-43C4-A86D-8EB40DF7FCC2}
		{E6859EB8-303B-47C9-AF2B-E62398EDD37B} = {01B6E97F-7B86-4364-AFD3-81881C199117}
		{5E7AF5B0-FE47-4CEF-96BD-9A4F401F1D1A} = {01B6E97F-7B86-4364-AFD3-81881C199117}
		{80C55932-60A4-4A2E-B5DC-E6D7B853929D} = {2FF49FA1-E459-43C4-A86D-8EB40DF7FCC2}
		{49FD2E6D-594F-4998-AEAF-45BC26DB41BB} = {2FF49FA1-E459-43C4-A86D-8EB40DF7FCC2}
		{E2D65F09-81A6-4D69-B128-C47C2DC43D36} = {2FF49FA1-E459-43C4-A86D-8EB40DF7FCC2}
	EndGlobalSection
EndGlobal
